// !$*UTF8*$!
{
	archiveVersion = 1;
	classes = {
	};
	objectVersion = 55;
	objects = {

/* Begin PBXBuildFile section */
		2C0C037B294C6CB8005AAB5B /* Settings.swift in Sources */ = {isa = PBXBuildFile; fileRef = 2C0C037A294C6CB8005AAB5B /* Settings.swift */; };
		2C6E47FF294B12280074C1B3 /* DetailView.swift in Sources */ = {isa = PBXBuildFile; fileRef = 2C6E47FE294B12280074C1B3 /* DetailView.swift */; };
		2C6E4801294B3A360074C1B3 /* CreditsView.swift in Sources */ = {isa = PBXBuildFile; fileRef = 2C6E4800294B3A360074C1B3 /* CreditsView.swift */; };
		2C6E4804294B3B040074C1B3 /* HeaderView.swift in Sources */ = {isa = PBXBuildFile; fileRef = 2C6E4803294B3B040074C1B3 /* HeaderView.swift */; };
		2C85A4942949F18F00EB1178 /* Notes WatchKit App.app in Embed Watch Content */ = {isa = PBXBuildFile; fileRef = 2C85A4932949F18F00EB1178 /* Notes WatchKit App.app */; settings = {ATTRIBUTES = (RemoveHeadersOnCopy, ); }; };
		2C85A4992949F19300EB1178 /* Assets.xcassets in Resources */ = {isa = PBXBuildFile; fileRef = 2C85A4982949F19300EB1178 /* Assets.xcassets */; };
		2C85A49F2949F19300EB1178 /* Notes WatchKit Extension.appex in Embed App Extensions */ = {isa = PBXBuildFile; fileRef = 2C85A49E2949F19300EB1178 /* Notes WatchKit Extension.appex */; settings = {ATTRIBUTES = (RemoveHeadersOnCopy, ); }; };
		2C85A4A42949F19300EB1178 /* ContentView.swift in Sources */ = {isa = PBXBuildFile; fileRef = 2C85A4A32949F19300EB1178 /* ContentView.swift */; };
		2C85A4A62949F19300EB1178 /* NotesApp.swift in Sources */ = {isa = PBXBuildFile; fileRef = 2C85A4A52949F19300EB1178 /* NotesApp.swift */; };
		2C85A4A82949F19300EB1178 /* ComplicationController.swift in Sources */ = {isa = PBXBuildFile; fileRef = 2C85A4A72949F19300EB1178 /* ComplicationController.swift */; };
		2C85A4AA2949F19500EB1178 /* Assets.xcassets in Resources */ = {isa = PBXBuildFile; fileRef = 2C85A4A92949F19500EB1178 /* Assets.xcassets */; };
		2C85A4AD2949F19500EB1178 /* Preview Assets.xcassets in Resources */ = {isa = PBXBuildFile; fileRef = 2C85A4AC2949F19500EB1178 /* Preview Assets.xcassets */; };
		2C85A4BF2949F3F700EB1178 /* Note.swift in Sources */ = {isa = PBXBuildFile; fileRef = 2C85A4BE2949F3F700EB1178 /* Note.swift */; };
/* End PBXBuildFile section */

/* Begin PBXContainerItemProxy section */
		2C85A4952949F18F00EB1178 /* PBXContainerItemProxy */ = {
			isa = PBXContainerItemProxy;
			containerPortal = 2C85A4892949F18F00EB1178 /* Project object */;
			proxyType = 1;
			remoteGlobalIDString = 2C85A4922949F18F00EB1178;
			remoteInfo = "Notes WatchKit App";
		};
		2C85A4A02949F19300EB1178 /* PBXContainerItemProxy */ = {
			isa = PBXContainerItemProxy;
			containerPortal = 2C85A4892949F18F00EB1178 /* Project object */;
			proxyType = 1;
			remoteGlobalIDString = 2C85A49D2949F19300EB1178;
			remoteInfo = "Notes WatchKit Extension";
		};
/* End PBXContainerItemProxy section */

/* Begin PBXCopyFilesBuildPhase section */
		2C85A4B42949F19500EB1178 /* Embed App Extensions */ = {
			isa = PBXCopyFilesBuildPhase;
			buildActionMask = 2147483647;
			dstPath = "";
			dstSubfolderSpec = 13;
			files = (
				2C85A49F2949F19300EB1178 /* Notes WatchKit Extension.appex in Embed App Extensions */,
			);
			name = "Embed App Extensions";
			runOnlyForDeploymentPostprocessing = 0;
		};
		2C85A4B82949F19500EB1178 /* Embed Watch Content */ = {
			isa = PBXCopyFilesBuildPhase;
			buildActionMask = 2147483647;
			dstPath = "$(CONTENTS_FOLDER_PATH)/Watch";
			dstSubfolderSpec = 16;
			files = (
				2C85A4942949F18F00EB1178 /* Notes WatchKit App.app in Embed Watch Content */,
			);
			name = "Embed Watch Content";
			runOnlyForDeploymentPostprocessing = 0;
		};
/* End PBXCopyFilesBuildPhase section */

/* Begin PBXFileReference section */
		2C0C037A294C6CB8005AAB5B /* Settings.swift */ = {isa = PBXFileReference; lastKnownFileType = sourcecode.swift; path = Settings.swift; sourceTree = "<group>"; };
		2C6E47FE294B12280074C1B3 /* DetailView.swift */ = {isa = PBXFileReference; lastKnownFileType = sourcecode.swift; path = DetailView.swift; sourceTree = "<group>"; };
		2C6E4800294B3A360074C1B3 /* CreditsView.swift */ = {isa = PBXFileReference; lastKnownFileType = sourcecode.swift; path = CreditsView.swift; sourceTree = "<group>"; };
		2C6E4803294B3B040074C1B3 /* HeaderView.swift */ = {isa = PBXFileReference; lastKnownFileType = sourcecode.swift; path = HeaderView.swift; sourceTree = "<group>"; };
		2C85A48F2949F18F00EB1178 /* Notes.app */ = {isa = PBXFileReference; explicitFileType = wrapper.application; includeInIndex = 0; path = Notes.app; sourceTree = BUILT_PRODUCTS_DIR; };
		2C85A4932949F18F00EB1178 /* Notes WatchKit App.app */ = {isa = PBXFileReference; explicitFileType = wrapper.application; includeInIndex = 0; path = "Notes WatchKit App.app"; sourceTree = BUILT_PRODUCTS_DIR; };
		2C85A4982949F19300EB1178 /* Assets.xcassets */ = {isa = PBXFileReference; lastKnownFileType = folder.assetcatalog; path = Assets.xcassets; sourceTree = "<group>"; };
		2C85A49E2949F19300EB1178 /* Notes WatchKit Extension.appex */ = {isa = PBXFileReference; explicitFileType = "wrapper.app-extension"; includeInIndex = 0; path = "Notes WatchKit Extension.appex"; sourceTree = BUILT_PRODUCTS_DIR; };
		2C85A4A32949F19300EB1178 /* ContentView.swift */ = {isa = PBXFileReference; lastKnownFileType = sourcecode.swift; path = ContentView.swift; sourceTree = "<group>"; };
		2C85A4A52949F19300EB1178 /* NotesApp.swift */ = {isa = PBXFileReference; lastKnownFileType = sourcecode.swift; path = NotesApp.swift; sourceTree = "<group>"; };
		2C85A4A72949F19300EB1178 /* ComplicationController.swift */ = {isa = PBXFileReference; lastKnownFileType = sourcecode.swift; path = ComplicationController.swift; sourceTree = "<group>"; };
		2C85A4A92949F19500EB1178 /* Assets.xcassets */ = {isa = PBXFileReference; lastKnownFileType = folder.assetcatalog; path = Assets.xcassets; sourceTree = "<group>"; };
		2C85A4AC2949F19500EB1178 /* Preview Assets.xcassets */ = {isa = PBXFileReference; lastKnownFileType = folder.assetcatalog; path = "Preview Assets.xcassets"; sourceTree = "<group>"; };
		2C85A4AE2949F19500EB1178 /* Info.plist */ = {isa = PBXFileReference; lastKnownFileType = text.plist.xml; path = Info.plist; sourceTree = "<group>"; };
		2C85A4BE2949F3F700EB1178 /* Note.swift */ = {isa = PBXFileReference; lastKnownFileType = sourcecode.swift; path = Note.swift; sourceTree = "<group>"; };
/* End PBXFileReference section */

/* Begin PBXFrameworksBuildPhase section */
		2C85A49B2949F19300EB1178 /* Frameworks */ = {
			isa = PBXFrameworksBuildPhase;
			buildActionMask = 2147483647;
			files = (
			);
			runOnlyForDeploymentPostprocessing = 0;
		};
/* End PBXFrameworksBuildPhase section */

/* Begin PBXGroup section */
		2C6E4802294B3AE30074C1B3 /* Component */ = {
			isa = PBXGroup;
			children = (
				2C6E4803294B3B040074C1B3 /* HeaderView.swift */,
			);
			path = Component;
			sourceTree = "<group>";
		};
		2C85A4882949F18F00EB1178 = {
			isa = PBXGroup;
			children = (
				2C85A4972949F18F00EB1178 /* Notes WatchKit App */,
				2C85A4A22949F19300EB1178 /* Notes WatchKit Extension */,
				2C85A4902949F18F00EB1178 /* Products */,
			);
			sourceTree = "<group>";
		};
		2C85A4902949F18F00EB1178 /* Products */ = {
			isa = PBXGroup;
			children = (
				2C85A48F2949F18F00EB1178 /* Notes.app */,
				2C85A4932949F18F00EB1178 /* Notes WatchKit App.app */,
				2C85A49E2949F19300EB1178 /* Notes WatchKit Extension.appex */,
			);
			name = Products;
			sourceTree = "<group>";
		};
		2C85A4972949F18F00EB1178 /* Notes WatchKit App */ = {
			isa = PBXGroup;
			children = (
				2C85A4982949F19300EB1178 /* Assets.xcassets */,
			);
			path = "Notes WatchKit App";
			sourceTree = "<group>";
		};
		2C85A4A22949F19300EB1178 /* Notes WatchKit Extension */ = {
			isa = PBXGroup;
			children = (
				2C6E4802294B3AE30074C1B3 /* Component */,
				2C85A4BD2949F3E000EB1178 /* Model */,
				2C85A4BC2949F3CC00EB1178 /* View */,
				2C85A4A52949F19300EB1178 /* NotesApp.swift */,
				2C85A4A72949F19300EB1178 /* ComplicationController.swift */,
				2C85A4A92949F19500EB1178 /* Assets.xcassets */,
				2C85A4AE2949F19500EB1178 /* Info.plist */,
				2C85A4AB2949F19500EB1178 /* Preview Content */,
			);
			path = "Notes WatchKit Extension";
			sourceTree = "<group>";
		};
		2C85A4AB2949F19500EB1178 /* Preview Content */ = {
			isa = PBXGroup;
			children = (
				2C85A4AC2949F19500EB1178 /* Preview Assets.xcassets */,
			);
			path = "Preview Content";
			sourceTree = "<group>";
		};
		2C85A4BC2949F3CC00EB1178 /* View */ = {
			isa = PBXGroup;
			children = (
				2C85A4A32949F19300EB1178 /* ContentView.swift */,
				2C6E47FE294B12280074C1B3 /* DetailView.swift */,
				2C6E4800294B3A360074C1B3 /* CreditsView.swift */,
				2C0C037A294C6CB8005AAB5B /* Settings.swift */,
			);
			path = View;
			sourceTree = "<group>";
		};
		2C85A4BD2949F3E000EB1178 /* Model */ = {
			isa = PBXGroup;
			children = (
				2C85A4BE2949F3F700EB1178 /* Note.swift */,
			);
			path = Model;
			sourceTree = "<group>";
		};
/* End PBXGroup section */

/* Begin PBXNativeTarget section */
		2C85A48E2949F18F00EB1178 /* Notes */ = {
			isa = PBXNativeTarget;
			buildConfigurationList = 2C85A4B92949F19500EB1178 /* Build configuration list for PBXNativeTarget "Notes" */;
			buildPhases = (
				2C85A48D2949F18F00EB1178 /* Resources */,
				2C85A4B82949F19500EB1178 /* Embed Watch Content */,
			);
			buildRules = (
			);
			dependencies = (
				2C85A4962949F18F00EB1178 /* PBXTargetDependency */,
			);
			name = Notes;
			productName = Notes;
			productReference = 2C85A48F2949F18F00EB1178 /* Notes.app */;
			productType = "com.apple.product-type.application.watchapp2-container";
		};
		2C85A4922949F18F00EB1178 /* Notes WatchKit App */ = {
			isa = PBXNativeTarget;
			buildConfigurationList = 2C85A4B52949F19500EB1178 /* Build configuration list for PBXNativeTarget "Notes WatchKit App" */;
			buildPhases = (
				2C85A4912949F18F00EB1178 /* Resources */,
				2C85A4B42949F19500EB1178 /* Embed App Extensions */,
			);
			buildRules = (
			);
			dependencies = (
				2C85A4A12949F19300EB1178 /* PBXTargetDependency */,
			);
			name = "Notes WatchKit App";
			productName = "Notes WatchKit App";
			productReference = 2C85A4932949F18F00EB1178 /* Notes WatchKit App.app */;
			productType = "com.apple.product-type.application.watchapp2";
		};
		2C85A49D2949F19300EB1178 /* Notes WatchKit Extension */ = {
			isa = PBXNativeTarget;
			buildConfigurationList = 2C85A4B12949F19500EB1178 /* Build configuration list for PBXNativeTarget "Notes WatchKit Extension" */;
			buildPhases = (
				2C85A49A2949F19300EB1178 /* Sources */,
				2C85A49B2949F19300EB1178 /* Frameworks */,
				2C85A49C2949F19300EB1178 /* Resources */,
			);
			buildRules = (
			);
			dependencies = (
			);
			name = "Notes WatchKit Extension";
			productName = "Notes WatchKit Extension";
			productReference = 2C85A49E2949F19300EB1178 /* Notes WatchKit Extension.appex */;
			productType = "com.apple.product-type.watchkit2-extension";
		};
/* End PBXNativeTarget section */

/* Begin PBXProject section */
		2C85A4892949F18F00EB1178 /* Project object */ = {
			isa = PBXProject;
			attributes = {
				BuildIndependentTargetsInParallel = 1;
				LastSwiftUpdateCheck = 1310;
				LastUpgradeCheck = 1310;
				TargetAttributes = {
					2C85A48E2949F18F00EB1178 = {
						CreatedOnToolsVersion = 13.1;
					};
					2C85A4922949F18F00EB1178 = {
						CreatedOnToolsVersion = 13.1;
					};
					2C85A49D2949F19300EB1178 = {
						CreatedOnToolsVersion = 13.1;
					};
				};
			};
			buildConfigurationList = 2C85A48C2949F18F00EB1178 /* Build configuration list for PBXProject "Notes" */;
			compatibilityVersion = "Xcode 13.0";
			developmentRegion = en;
			hasScannedForEncodings = 0;
			knownRegions = (
				en,
				Base,
			);
			mainGroup = 2C85A4882949F18F00EB1178;
			productRefGroup = 2C85A4902949F18F00EB1178 /* Products */;
			projectDirPath = "";
			projectRoot = "";
			targets = (
				2C85A48E2949F18F00EB1178 /* Notes */,
				2C85A4922949F18F00EB1178 /* Notes WatchKit App */,
				2C85A49D2949F19300EB1178 /* Notes WatchKit Extension */,
			);
		};
/* End PBXProject section */

/* Begin PBXResourcesBuildPhase section */
		2C85A48D2949F18F00EB1178 /* Resources */ = {
			isa = PBXResourcesBuildPhase;
			buildActionMask = 2147483647;
			files = (
			);
			runOnlyForDeploymentPostprocessing = 0;
		};
		2C85A4912949F18F00EB1178 /* Resources */ = {
			isa = PBXResourcesBuildPhase;
			buildActionMask = 2147483647;
			files = (
				2C85A4992949F19300EB1178 /* Assets.xcassets in Resources */,
			);
			runOnlyForDeploymentPostprocessing = 0;
		};
		2C85A49C2949F19300EB1178 /* Resources */ = {
			isa = PBXResourcesBuildPhase;
			buildActionMask = 2147483647;
			files = (
				2C85A4AD2949F19500EB1178 /* Preview Assets.xcassets in Resources */,
				2C85A4AA2949F19500EB1178 /* Assets.xcassets in Resources */,
			);
			runOnlyForDeploymentPostprocessing = 0;
		};
/* End PBXResourcesBuildPhase section */

/* Begin PBXSourcesBuildPhase section */
		2C85A49A2949F19300EB1178 /* Sources */ = {
			isa = PBXSourcesBuildPhase;
			buildActionMask = 2147483647;
			files = (
				2C85A4A42949F19300EB1178 /* ContentView.swift in Sources */,
				2C85A4A62949F19300EB1178 /* NotesApp.swift in Sources */,
				2C0C037B294C6CB8005AAB5B /* Settings.swift in Sources */,
				2C85A4A82949F19300EB1178 /* ComplicationController.swift in Sources */,
				2C6E4801294B3A360074C1B3 /* CreditsView.swift in Sources */,
				2C6E47FF294B12280074C1B3 /* DetailView.swift in Sources */,
				2C85A4BF2949F3F700EB1178 /* Note.swift in Sources */,
				2C6E4804294B3B040074C1B3 /* HeaderView.swift in Sources */,
			);
			runOnlyForDeploymentPostprocessing = 0;
		};
/* End PBXSourcesBuildPhase section */

/* Begin PBXTargetDependency section */
		2C85A4962949F18F00EB1178 /* PBXTargetDependency */ = {
			isa = PBXTargetDependency;
			target = 2C85A4922949F18F00EB1178 /* Notes WatchKit App */;
			targetProxy = 2C85A4952949F18F00EB1178 /* PBXContainerItemProxy */;
		};
		2C85A4A12949F19300EB1178 /* PBXTargetDependency */ = {
			isa = PBXTargetDependency;
			target = 2C85A49D2949F19300EB1178 /* Notes WatchKit Extension */;
			targetProxy = 2C85A4A02949F19300EB1178 /* PBXContainerItemProxy */;
		};
/* End PBXTargetDependency section */

/* Begin XCBuildConfiguration section */
		2C85A4AF2949F19500EB1178 /* Debug */ = {
			isa = XCBuildConfiguration;
			buildSettings = {
				ALWAYS_SEARCH_USER_PATHS = NO;
				CLANG_ANALYZER_NONNULL = YES;
				CLANG_ANALYZER_NUMBER_OBJECT_CONVERSION = YES_AGGRESSIVE;
				CLANG_CXX_LANGUAGE_STANDARD = "gnu++17";
				CLANG_CXX_LIBRARY = "libc++";
				CLANG_ENABLE_MODULES = YES;
				CLANG_ENABLE_OBJC_ARC = YES;
				CLANG_ENABLE_OBJC_WEAK = YES;
				CLANG_WARN_BLOCK_CAPTURE_AUTORELEASING = YES;
				CLANG_WARN_BOOL_CONVERSION = YES;
				CLANG_WARN_COMMA = YES;
				CLANG_WARN_CONSTANT_CONVERSION = YES;
				CLANG_WARN_DEPRECATED_OBJC_IMPLEMENTATIONS = YES;
				CLANG_WARN_DIRECT_OBJC_ISA_USAGE = YES_ERROR;
				CLANG_WARN_DOCUMENTATION_COMMENTS = YES;
				CLANG_WARN_EMPTY_BODY = YES;
				CLANG_WARN_ENUM_CONVERSION = YES;
				CLANG_WARN_INFINITE_RECURSION = YES;
				CLANG_WARN_INT_CONVERSION = YES;
				CLANG_WARN_NON_LITERAL_NULL_CONVERSION = YES;
				CLANG_WARN_OBJC_IMPLICIT_RETAIN_SELF = YES;
				CLANG_WARN_OBJC_LITERAL_CONVERSION = YES;
				CLANG_WARN_OBJC_ROOT_CLASS = YES_ERROR;
				CLANG_WARN_QUOTED_INCLUDE_IN_FRAMEWORK_HEADER = YES;
				CLANG_WARN_RANGE_LOOP_ANALYSIS = YES;
				CLANG_WARN_STRICT_PROTOTYPES = YES;
				CLANG_WARN_SUSPICIOUS_MOVE = YES;
				CLANG_WARN_UNGUARDED_AVAILABILITY = YES_AGGRESSIVE;
				CLANG_WARN_UNREACHABLE_CODE = YES;
				CLANG_WARN__DUPLICATE_METHOD_MATCH = YES;
				COPY_PHASE_STRIP = NO;
				DEBUG_INFORMATION_FORMAT = dwarf;
				ENABLE_STRICT_OBJC_MSGSEND = YES;
				ENABLE_TESTABILITY = YES;
				GCC_C_LANGUAGE_STANDARD = gnu11;
				GCC_DYNAMIC_NO_PIC = NO;
				GCC_NO_COMMON_BLOCKS = YES;
				GCC_OPTIMIZATION_LEVEL = 0;
				GCC_PREPROCESSOR_DEFINITIONS = (
					"DEBUG=1",
					"$(inherited)",
				);
				GCC_WARN_64_TO_32_BIT_CONVERSION = YES;
				GCC_WARN_ABOUT_RETURN_TYPE = YES_ERROR;
				GCC_WARN_UNDECLARED_SELECTOR = YES;
				GCC_WARN_UNINITIALIZED_AUTOS = YES_AGGRESSIVE;
				GCC_WARN_UNUSED_FUNCTION = YES;
				GCC_WARN_UNUSED_VARIABLE = YES;
				MTL_ENABLE_DEBUG_INFO = INCLUDE_SOURCE;
				MTL_FAST_MATH = YES;
				ONLY_ACTIVE_ARCH = YES;
				SDKROOT = iphoneos;
				SWIFT_ACTIVE_COMPILATION_CONDITIONS = DEBUG;
				SWIFT_OPTIMIZATION_LEVEL = "-Onone";
			};
			name = Debug;
		};
		2C85A4B02949F19500EB1178 /* Release */ = {
			isa = XCBuildConfiguration;
			buildSettings = {
				ALWAYS_SEARCH_USER_PATHS = NO;
				CLANG_ANALYZER_NONNULL = YES;
				CLANG_ANALYZER_NUMBER_OBJECT_CONVERSION = YES_AGGRESSIVE;
				CLANG_CXX_LANGUAGE_STANDARD = "gnu++17";
				CLANG_CXX_LIBRARY = "libc++";
				CLANG_ENABLE_MODULES = YES;
				CLANG_ENABLE_OBJC_ARC = YES;
				CLANG_ENABLE_OBJC_WEAK = YES;
				CLANG_WARN_BLOCK_CAPTURE_AUTORELEASING = YES;
				CLANG_WARN_BOOL_CONVERSION = YES;
				CLANG_WARN_COMMA = YES;
				CLANG_WARN_CONSTANT_CONVERSION = YES;
				CLANG_WARN_DEPRECATED_OBJC_IMPLEMENTATIONS = YES;
				CLANG_WARN_DIRECT_OBJC_ISA_USAGE = YES_ERROR;
				CLANG_WARN_DOCUMENTATION_COMMENTS = YES;
				CLANG_WARN_EMPTY_BODY = YES;
				CLANG_WARN_ENUM_CONVERSION = YES;
				CLANG_WARN_INFINITE_RECURSION = YES;
				CLANG_WARN_INT_CONVERSION = YES;
				CLANG_WARN_NON_LITERAL_NULL_CONVERSION = YES;
				CLANG_WARN_OBJC_IMPLICIT_RETAIN_SELF = YES;
				CLANG_WARN_OBJC_LITERAL_CONVERSION = YES;
				CLANG_WARN_OBJC_ROOT_CLASS = YES_ERROR;
				CLANG_WARN_QUOTED_INCLUDE_IN_FRAMEWORK_HEADER = YES;
				CLANG_WARN_RANGE_LOOP_ANALYSIS = YES;
				CLANG_WARN_STRICT_PROTOTYPES = YES;
				CLANG_WARN_SUSPICIOUS_MOVE = YES;
				CLANG_WARN_UNGUARDED_AVAILABILITY = YES_AGGRESSIVE;
				CLANG_WARN_UNREACHABLE_CODE = YES;
				CLANG_WARN__DUPLICATE_METHOD_MATCH = YES;
				COPY_PHASE_STRIP = NO;
				DEBUG_INFORMATION_FORMAT = "dwarf-with-dsym";
				ENABLE_NS_ASSERTIONS = NO;
				ENABLE_STRICT_OBJC_MSGSEND = YES;
				GCC_C_LANGUAGE_STANDARD = gnu11;
				GCC_NO_COMMON_BLOCKS = YES;
				GCC_WARN_64_TO_32_BIT_CONVERSION = YES;
				GCC_WARN_ABOUT_RETURN_TYPE = YES_ERROR;
				GCC_WARN_UNDECLARED_SELECTOR = YES;
				GCC_WARN_UNINITIALIZED_AUTOS = YES_AGGRESSIVE;
				GCC_WARN_UNUSED_FUNCTION = YES;
				GCC_WARN_UNUSED_VARIABLE = YES;
				MTL_ENABLE_DEBUG_INFO = NO;
				MTL_FAST_MATH = YES;
				SDKROOT = iphoneos;
				SWIFT_COMPILATION_MODE = wholemodule;
				SWIFT_OPTIMIZATION_LEVEL = "-O";
				VALIDATE_PRODUCT = YES;
			};
			name = Release;
		};
		2C85A4B22949F19500EB1178 /* Debug */ = {
			isa = XCBuildConfiguration;
			buildSettings = {
				ASSETCATALOG_COMPILER_COMPLICATION_NAME = Complication;
				CODE_SIGN_STYLE = Automatic;
				CURRENT_PROJECT_VERSION = 1;
				DEVELOPMENT_ASSET_PATHS = "\"Notes WatchKit Extension/Preview Content\"";
				ENABLE_PREVIEWS = YES;
				GENERATE_INFOPLIST_FILE = YES;
				INFOPLIST_FILE = "Notes WatchKit Extension/Info.plist";
				INFOPLIST_KEY_CFBundleDisplayName = "Notes WatchKit Extension";
				INFOPLIST_KEY_CLKComplicationPrincipalClass = "$(PRODUCT_MODULE_NAME).ComplicationController";
				INFOPLIST_KEY_NSHumanReadableCopyright = "";
				INFOPLIST_KEY_WKWatchOnly = YES;
				LD_RUNPATH_SEARCH_PATHS = (
					"$(inherited)",
					"@executable_path/Frameworks",
					"@executable_path/../../Frameworks",
				);
				MARKETING_VERSION = 1.0;
				PRODUCT_BUNDLE_IDENTIFIER = "eu.onet-slawomir.sokolowski.Notes.watchkitapp.watchkitextension";
				PRODUCT_NAME = "${TARGET_NAME}";
				SDKROOT = watchos;
				SKIP_INSTALL = YES;
				SWIFT_EMIT_LOC_STRINGS = YES;
				SWIFT_VERSION = 5.0;
				TARGETED_DEVICE_FAMILY = 4;
				WATCHOS_DEPLOYMENT_TARGET = 8.0;
			};
			name = Debug;
		};
		2C85A4B32949F19500EB1178 /* Release */ = {
			isa = XCBuildConfiguration;
			buildSettings = {
				ASSETCATALOG_COMPILER_COMPLICATION_NAME = Complication;
				CODE_SIGN_STYLE = Automatic;
				CURRENT_PROJECT_VERSION = 1;
				DEVELOPMENT_ASSET_PATHS = "\"Notes WatchKit Extension/Preview Content\"";
				ENABLE_PREVIEWS = YES;
				GENERATE_INFOPLIST_FILE = YES;
				INFOPLIST_FILE = "Notes WatchKit Extension/Info.plist";
				INFOPLIST_KEY_CFBundleDisplayName = "Notes WatchKit Extension";
				INFOPLIST_KEY_CLKComplicationPrincipalClass = "$(PRODUCT_MODULE_NAME).ComplicationController";
				INFOPLIST_KEY_NSHumanReadableCopyright = "";
				INFOPLIST_KEY_WKWatchOnly = YES;
				LD_RUNPATH_SEARCH_PATHS = (
					"$(inherited)",
					"@executable_path/Frameworks",
					"@executable_path/../../Frameworks",
				);
				MARKETING_VERSION = 1.0;
				PRODUCT_BUNDLE_IDENTIFIER = "eu.onet-slawomir.sokolowski.Notes.watchkitapp.watchkitextension";
				PRODUCT_NAME = "${TARGET_NAME}";
				SDKROOT = watchos;
				SKIP_INSTALL = YES;
				SWIFT_EMIT_LOC_STRINGS = YES;
				SWIFT_VERSION = 5.0;
				TARGETED_DEVICE_FAMILY = 4;
				WATCHOS_DEPLOYMENT_TARGET = 8.0;
			};
			name = Release;
		};
		2C85A4B62949F19500EB1178 /* Debug */ = {
			isa = XCBuildConfiguration;
			buildSettings = {
				ALWAYS_EMBED_SWIFT_STANDARD_LIBRARIES = YES;
				ASSETCATALOG_COMPILER_APPICON_NAME = AppIcon;
				ASSETCATALOG_COMPILER_GLOBAL_ACCENT_COLOR_NAME = AccentColor;
				CODE_SIGN_STYLE = Automatic;
				CURRENT_PROJECT_VERSION = 1;
				GENERATE_INFOPLIST_FILE = YES;
				IBSC_MODULE = Notes_WatchKit_Extension;
				INFOPLIST_KEY_CFBundleDisplayName = "Notes WatchKit App";
				INFOPLIST_KEY_UISupportedInterfaceOrientations = "UIInterfaceOrientationPortrait UIInterfaceOrientationPortraitUpsideDown";
				MARKETING_VERSION = 1.0;
				PRODUCT_BUNDLE_IDENTIFIER = "eu.onet-slawomir.sokolowski.Notes.watchkitapp";
				PRODUCT_NAME = "$(TARGET_NAME)";
				SDKROOT = watchos;
				SKIP_INSTALL = YES;
				SWIFT_EMIT_LOC_STRINGS = YES;
				SWIFT_VERSION = 5.0;
				TARGETED_DEVICE_FAMILY = 4;
				WATCHOS_DEPLOYMENT_TARGET = 8.0;
			};
			name = Debug;
		};
		2C85A4B72949F19500EB1178 /* Release */ = {
			isa = XCBuildConfiguration;
			buildSettings = {
				ALWAYS_EMBED_SWIFT_STANDARD_LIBRARIES = YES;
				ASSETCATALOG_COMPILER_APPICON_NAME = AppIcon;
				ASSETCATALOG_COMPILER_GLOBAL_ACCENT_COLOR_NAME = AccentColor;
				CODE_SIGN_STYLE = Automatic;
				CURRENT_PROJECT_VERSION = 1;
				GENERATE_INFOPLIST_FILE = YES;
				IBSC_MODULE = Notes_WatchKit_Extension;
				INFOPLIST_KEY_CFBundleDisplayName = "Notes WatchKit App";
				INFOPLIST_KEY_UISupportedInterfaceOrientations = "UIInterfaceOrientationPortrait UIInterfaceOrientationPortraitUpsideDown";
				MARKETING_VERSION = 1.0;
				PRODUCT_BUNDLE_IDENTIFIER = "eu.onet-slawomir.sokolowski.Notes.watchkitapp";
				PRODUCT_NAME = "$(TARGET_NAME)";
				SDKROOT = watchos;
				SKIP_INSTALL = YES;
				SWIFT_EMIT_LOC_STRINGS = YES;
				SWIFT_VERSION = 5.0;
				TARGETED_DEVICE_FAMILY = 4;
				WATCHOS_DEPLOYMENT_TARGET = 8.0;
			};
			name = Release;
		};
		2C85A4BA2949F19500EB1178 /* Debug */ = {
			isa = XCBuildConfiguration;
			buildSettings = {
				CODE_SIGN_STYLE = Automatic;
				CURRENT_PROJECT_VERSION = 1;
				MARKETING_VERSION = 1.0;
				PRODUCT_BUNDLE_IDENTIFIER = "eu.onet-slawomir.sokolowski.Notes";
				PRODUCT_NAME = "$(TARGET_NAME)";
				SWIFT_VERSION = 5.0;
			};
			name = Debug;
		};
		2C85A4BB2949F19500EB1178 /* Release */ = {
			isa = XCBuildConfiguration;
			buildSettings = {
				CODE_SIGN_STYLE = Automatic;
				CURRENT_PROJECT_VERSION = 1;
				MARKETING_VERSION = 1.0;
				PRODUCT_BUNDLE_IDENTIFIER = "eu.onet-slawomir.sokolowski.Notes";
				PRODUCT_NAME = "$(TARGET_NAME)";
				SWIFT_VERSION = 5.0;
			};
			name = Release;
		};
/* End XCBuildConfiguration section */

/* Begin XCConfigurationList section */
		2C85A48C2949F18F00EB1178 /* Build configuration list for PBXProject "Notes" */ = {
			isa = XCConfigurationList;
			buildConfigurations = (
				2C85A4AF2949F19500EB1178 /* Debug */,
				2C85A4B02949F19500EB1178 /* Release */,
			);
			defaultConfigurationIsVisible = 0;
			defaultConfigurationName = Release;
		};
		2C85A4B12949F19500EB1178 /* Build configuration list for PBXNativeTarget "Notes WatchKit Extension" */ = {
			isa = XCConfigurationList;
			buildConfigurations = (
				2C85A4B22949F19500EB1178 /* Debug */,
				2C85A4B32949F19500EB1178 /* Release */,
			);
			defaultConfigurationIsVisible = 0;
			defaultConfigurationName = Release;
		};
		2C85A4B52949F19500EB1178 /* Build configuration list for PBXNativeTarget "Notes WatchKit App" */ = {
			isa = XCConfigurationList;
			buildConfigurations = (
				2C85A4B62949F19500EB1178 /* Debug */,
				2C85A4B72949F19500EB1178 /* Release */,
			);
			defaultConfigurationIsVisible = 0;
			defaultConfigurationName = Release;
		};
		2C85A4B92949F19500EB1178 /* Build configuration list for PBXNativeTarget "Notes" */ = {
			isa = XCConfigurationList;
			buildConfigurations = (
				2C85A4BA2949F19500EB1178 /* Debug */,
				2C85A4BB2949F19500EB1178 /* Release */,
			);
			defaultConfigurationIsVisible = 0;
			defaultConfigurationName = Release;
		};
/* End XCConfigurationList section */
	};
	rootObject = 2C85A4892949F18F00EB1178 /* Project object */;
}
